
Microsoft Visual Studio Solution File, Format Version 12.00
# Visual Studio Version 16
VisualStudioVersion = 16.0.29709.97
MinimumVisualStudioVersion = 10.0.40219.1
Project("{2150E333-8FDC-42A3-9474-1A3956D46DE8}") = "Solution Items", "Solution Items", "{5470B1D7-53E8-42F9-986D-2191FE54C64B}"
EndProject
Project("{2150E333-8FDC-42A3-9474-1A3956D46DE8}") = "libs", "libs", "{D7202AC9-34FC-48DA-84E0-822FF4BF9DB0}"
EndProject
Project("{9A19103F-16F7-4668-BE54-9A1E7A4F7556}") = "SmartParkingPermit.Core", "..\SmartParkingPermit.Core\SmartParkingPermit.Core.csproj", "{E0C5195F-7873-4042-8540-2B721D9566AB}"
EndProject
Project("{FAE04EC0-301F-11D3-BF4B-00C04F79EFBC}") = "ParkingPermitHangfire", "ParkingPermitHangfire\ParkingPermitHangfire.csproj", "{B69551FA-CB19-4CE5-857C-1796503C721C}"
EndProject
Global
	GlobalSection(SolutionConfigurationPlatforms) = preSolution
		Debug|Any CPU = Debug|Any CPU
		Release|Any CPU = Release|Any CPU
	EndGlobalSection
	GlobalSection(ProjectConfigurationPlatforms) = postSolution
		{E0C5195F-7873-4042-8540-2B721D9566AB}.Debug|Any CPU.ActiveCfg = Debug|Any CPU
		{E0C5195F-7873-4042-8540-2B721D9566AB}.Debug|Any CPU.Build.0 = Debug|Any CPU
		{E0C5195F-7873-4042-8540-2B721D9566AB}.Release|Any CPU.ActiveCfg = Release|Any CPU
		{E0C5195F-7873-4042-8540-2B721D9566AB}.Release|Any CPU.Build.0 = Release|Any CPU
		{B69551FA-CB19-4CE5-857C-1796503C721C}.Debug|Any CPU.ActiveCfg = Debug|Any CPU
		{B69551FA-CB19-4CE5-857C-1796503C721C}.Debug|Any CPU.Build.0 = Debug|Any CPU
		{B69551FA-CB19-4CE5-857C-1796503C721C}.Release|Any CPU.ActiveCfg = Release|Any CPU
		{B69551FA-CB19-4CE5-857C-1796503C721C}.Release|Any CPU.Build.0 = Release|Any CPU
	EndGlobalSection
	GlobalSection(SolutionProperties) = preSolution
		HideSolutionNode = FALSE
	EndGlobalSection
	GlobalSection(NestedProjects) = preSolution
		{D7202AC9-34FC-48DA-84E0-822FF4BF9DB0} = {5470B1D7-53E8-42F9-986D-2191FE54C64B}
	EndGlobalSection
	GlobalSection(ExtensibilityGlobals) = postSolution
		SolutionGuid = {7D980242-8800-4CDB-9825-1C41F2DD0430}
	EndGlobalSection
EndGlobal
